
Microsoft Visual Studio Solution File, Format Version 12.00
# Visual Studio Version 17
VisualStudioVersion = 17.9.34616.47
MinimumVisualStudioVersion = 10.0.40219.1
Project("{8BC9CEB8-8B4A-11D0-8D11-00A0C91BC942}") = "munchkin-board", "munchkin-board\munchkin-board.vcxproj", "{4027B4BC-387B-4443-B8D4-0CC408AFE008}"
EndProject
Global
	GlobalSection(SolutionConfigurationPlatforms) = preSolution
		Debug|x64 = Debug|x64
		Release|x64 = Release|x64
	EndGlobalSection
	GlobalSection(ProjectConfigurationPlatforms) = postSolution
		{4027B4BC-387B-4443-B8D4-0CC408AFE008}.Debug|x64.ActiveCfg = Debug|x64
		{4027B4BC-387B-4443-B8D4-0CC408AFE008}.Debug|x64.Build.0 = Debug|x64
		{4027B4BC-387B-4443-B8D4-0CC408AFE008}.Release|x64.ActiveCfg = Release|x64
		{4027B4BC-387B-4443-B8D4-0CC408AFE008}.Release|x64.Build.0 = Release|x64
	EndGlobalSection
	GlobalSection(SolutionProperties) = preSolution
		HideSolutionNode = FALSE
	EndGlobalSection
	GlobalSection(ExtensibilityGlobals) = postSolution
		SolutionGuid = {44224A79-9A30-4012-ABA2-C7441833D91F}
	EndGlobalSection
EndGlobal
